
Microsoft Visual Studio Solution File, Format Version 12.00
# Visual Studio Version 17
VisualStudioVersion = 17.9.34723.18
MinimumVisualStudioVersion = 10.0.40219.1
Project("{FAE04EC0-301F-11D3-BF4B-00C04F79EFBC}") = "Water Bottle Problem", "Water Bottle Problem.csproj", "{9944AA17-FB74-4198-8AC5-6F5267731E6B}"
EndProject
Global
	GlobalSection(SolutionConfigurationPlatforms) = preSolution
		Debug|Any CPU = Debug|Any CPU
		Release|Any CPU = Release|Any CPU
	EndGlobalSection
	GlobalSection(ProjectConfigurationPlatforms) = postSolution
		{9944AA17-FB74-4198-8AC5-6F5267731E6B}.Debug|Any CPU.ActiveCfg = Debug|Any CPU
		{9944AA17-FB74-4198-8AC5-6F5267731E6B}.Debug|Any CPU.Build.0 = Debug|Any CPU
		{9944AA17-FB74-4198-8AC5-6F5267731E6B}.Release|Any CPU.ActiveCfg = Release|Any CPU
		{9944AA17-FB74-4198-8AC5-6F5267731E6B}.Release|Any CPU.Build.0 = Release|Any CPU
	EndGlobalSection
	GlobalSection(SolutionProperties) = preSolution
		HideSolutionNode = FALSE
	EndGlobalSection
	GlobalSection(ExtensibilityGlobals) = postSolution
		SolutionGuid = {4EA391C9-5CA6-4057-A57D-D90FA9CC1239}
	EndGlobalSection
EndGlobal
